// !$*UTF8*$!
{
	archiveVersion = 1;
	classes = {
	};
	objectVersion = 56;
	objects = {

/* Begin PBXBuildFile section */
		8A151E0629A4E8140081B0F5 /* YoutubeApp.swift in Sources */ = {isa = PBXBuildFile; fileRef = 8A151E0529A4E8140081B0F5 /* YoutubeApp.swift */; };
		8A151E0829A4E8140081B0F5 /* MainView.swift in Sources */ = {isa = PBXBuildFile; fileRef = 8A151E0729A4E8140081B0F5 /* MainView.swift */; };
		8A151E0A29A4E8160081B0F5 /* Assets.xcassets in Resources */ = {isa = PBXBuildFile; fileRef = 8A151E0929A4E8160081B0F5 /* Assets.xcassets */; };
		8A151E0D29A4E8160081B0F5 /* Preview Assets.xcassets in Resources */ = {isa = PBXBuildFile; fileRef = 8A151E0C29A4E8160081B0F5 /* Preview Assets.xcassets */; };
		8A151E1729A4F44D0081B0F5 /* Localizable.strings in Resources */ = {isa = PBXBuildFile; fileRef = 8A151E1929A4F44D0081B0F5 /* Localizable.strings */; };
		8A151E1B29A501120081B0F5 /* HomeView.swift in Sources */ = {isa = PBXBuildFile; fileRef = 8A151E1A29A501120081B0F5 /* HomeView.swift */; };
		8A151E1D29A5015F0081B0F5 /* ShortsView.swift in Sources */ = {isa = PBXBuildFile; fileRef = 8A151E1C29A5015F0081B0F5 /* ShortsView.swift */; };
		8A151E1F29A501830081B0F5 /* UploadView.swift in Sources */ = {isa = PBXBuildFile; fileRef = 8A151E1E29A501830081B0F5 /* UploadView.swift */; };
		8A151E2129A5019F0081B0F5 /* SubscriptionsView.swift in Sources */ = {isa = PBXBuildFile; fileRef = 8A151E2029A5019F0081B0F5 /* SubscriptionsView.swift */; };
		8A151E2329A501BE0081B0F5 /* LibraryView.swift in Sources */ = {isa = PBXBuildFile; fileRef = 8A151E2229A501BE0081B0F5 /* LibraryView.swift */; };
/* End PBXBuildFile section */

/* Begin PBXFileReference section */
		8A151E0229A4E8140081B0F5 /* Youtube.app */ = {isa = PBXFileReference; explicitFileType = wrapper.application; includeInIndex = 0; path = Youtube.app; sourceTree = BUILT_PRODUCTS_DIR; };
		8A151E0529A4E8140081B0F5 /* YoutubeApp.swift */ = {isa = PBXFileReference; lastKnownFileType = sourcecode.swift; path = YoutubeApp.swift; sourceTree = "<group>"; };
		8A151E0729A4E8140081B0F5 /* MainView.swift */ = {isa = PBXFileReference; lastKnownFileType = sourcecode.swift; name = MainView.swift; path = "../New Group/MainView.swift"; sourceTree = "<group>"; };
		8A151E0929A4E8160081B0F5 /* Assets.xcassets */ = {isa = PBXFileReference; lastKnownFileType = folder.assetcatalog; path = Assets.xcassets; sourceTree = "<group>"; };
		8A151E0C29A4E8160081B0F5 /* Preview Assets.xcassets */ = {isa = PBXFileReference; lastKnownFileType = folder.assetcatalog; path = "Preview Assets.xcassets"; sourceTree = "<group>"; };
		8A151E1829A4F44D0081B0F5 /* en */ = {isa = PBXFileReference; lastKnownFileType = text.plist.strings; name = en; path = en.lproj/Localizable.strings; sourceTree = "<group>"; };
		8A151E1A29A501120081B0F5 /* HomeView.swift */ = {isa = PBXFileReference; lastKnownFileType = sourcecode.swift; path = HomeView.swift; sourceTree = "<group>"; };
		8A151E1C29A5015F0081B0F5 /* ShortsView.swift */ = {isa = PBXFileReference; lastKnownFileType = sourcecode.swift; path = ShortsView.swift; sourceTree = "<group>"; };
		8A151E1E29A501830081B0F5 /* UploadView.swift */ = {isa = PBXFileReference; lastKnownFileType = sourcecode.swift; path = UploadView.swift; sourceTree = "<group>"; };
		8A151E2029A5019F0081B0F5 /* SubscriptionsView.swift */ = {isa = PBXFileReference; lastKnownFileType = sourcecode.swift; path = SubscriptionsView.swift; sourceTree = "<group>"; };
		8A151E2229A501BE0081B0F5 /* LibraryView.swift */ = {isa = PBXFileReference; lastKnownFileType = sourcecode.swift; path = LibraryView.swift; sourceTree = "<group>"; };
/* End PBXFileReference section */

/* Begin PBXFrameworksBuildPhase section */
		8A151DFF29A4E8140081B0F5 /* Frameworks */ = {
			isa = PBXFrameworksBuildPhase;
			buildActionMask = 2147483647;
			files = (
			);
			runOnlyForDeploymentPostprocessing = 0;
		};
/* End PBXFrameworksBuildPhase section */

/* Begin PBXGroup section */
		8A151DF929A4E8140081B0F5 = {
			isa = PBXGroup;
			children = (
				8A151E0429A4E8140081B0F5 /* Youtube */,
				8A151E0329A4E8140081B0F5 /* Products */,
			);
			sourceTree = "<group>";
		};
		8A151E0329A4E8140081B0F5 /* Products */ = {
			isa = PBXGroup;
			children = (
				8A151E0229A4E8140081B0F5 /* Youtube.app */,
			);
			name = Products;
			sourceTree = "<group>";
		};
		8A151E0429A4E8140081B0F5 /* Youtube */ = {
			isa = PBXGroup;
			children = (
				8A151E1329A4E84E0081B0F5 /* MainViews */,
				8A151E0529A4E8140081B0F5 /* YoutubeApp.swift */,
				8A151E1429A4F4290081B0F5 /* Resources */,
				8A151E0B29A4E8160081B0F5 /* Preview Content */,
			);
			path = Youtube;
			sourceTree = "<group>";
		};
		8A151E0B29A4E8160081B0F5 /* Preview Content */ = {
			isa = PBXGroup;
			children = (
				8A151E0C29A4E8160081B0F5 /* Preview Assets.xcassets */,
			);
			path = "Preview Content";
			sourceTree = "<group>";
		};
		8A151E1329A4E84E0081B0F5 /* MainViews */ = {
			isa = PBXGroup;
			children = (
				8A151E0729A4E8140081B0F5 /* MainView.swift */,
				8A151E1A29A501120081B0F5 /* HomeView.swift */,
				8A151E1C29A5015F0081B0F5 /* ShortsView.swift */,
				8A151E1E29A501830081B0F5 /* UploadView.swift */,
				8A151E2029A5019F0081B0F5 /* SubscriptionsView.swift */,
				8A151E2229A501BE0081B0F5 /* LibraryView.swift */,
			);
			path = MainViews;
			sourceTree = "<group>";
		};
		8A151E1429A4F4290081B0F5 /* Resources */ = {
			isa = PBXGroup;
			children = (
				8A151E0929A4E8160081B0F5 /* Assets.xcassets */,
				8A151E1929A4F44D0081B0F5 /* Localizable.strings */,
			);
			name = Resources;
			sourceTree = "<group>";
		};
/* End PBXGroup section */

/* Begin PBXNativeTarget section */
		8A151E0129A4E8140081B0F5 /* Youtube */ = {
			isa = PBXNativeTarget;
			buildConfigurationList = 8A151E1029A4E8170081B0F5 /* Build configuration list for PBXNativeTarget "Youtube" */;
			buildPhases = (
				8A151DFE29A4E8140081B0F5 /* Sources */,
				8A151DFF29A4E8140081B0F5 /* Frameworks */,
				8A151E0029A4E8140081B0F5 /* Resources */,
			);
			buildRules = (
			);
			dependencies = (
			);
			name = Youtube;
			productName = Youtube;
			productReference = 8A151E0229A4E8140081B0F5 /* Youtube.app */;
			productType = "com.apple.product-type.application";
		};
/* End PBXNativeTarget section */

/* Begin PBXProject section */
		8A151DFA29A4E8140081B0F5 /* Project object */ = {
			isa = PBXProject;
			attributes = {
				BuildIndependentTargetsInParallel = 1;
				LastSwiftUpdateCheck = 1400;
				LastUpgradeCheck = 1400;
				TargetAttributes = {
					8A151E0129A4E8140081B0F5 = {
						CreatedOnToolsVersion = 14.0;
					};
				};
			};
			buildConfigurationList = 8A151DFD29A4E8140081B0F5 /* Build configuration list for PBXProject "Youtube" */;
			compatibilityVersion = "Xcode 14.0";
			developmentRegion = en;
			hasScannedForEncodings = 0;
			knownRegions = (
				en,
				Base,
			);
			mainGroup = 8A151DF929A4E8140081B0F5;
			productRefGroup = 8A151E0329A4E8140081B0F5 /* Products */;
			projectDirPath = "";
			projectRoot = "";
			targets = (
				8A151E0129A4E8140081B0F5 /* Youtube */,
			);
		};
/* End PBXProject section */

/* Begin PBXResourcesBuildPhase section */
		8A151E0029A4E8140081B0F5 /* Resources */ = {
			isa = PBXResourcesBuildPhase;
			buildActionMask = 2147483647;
			files = (
				8A151E0D29A4E8160081B0F5 /* Preview Assets.xcassets in Resources */,
				8A151E1729A4F44D0081B0F5 /* Localizable.strings in Resources */,
				8A151E0A29A4E8160081B0F5 /* Assets.xcassets in Resources */,
			);
			runOnlyForDeploymentPostprocessing = 0;
		};
/* End PBXResourcesBuildPhase section */

/* Begin PBXSourcesBuildPhase section */
		8A151DFE29A4E8140081B0F5 /* Sources */ = {
			isa = PBXSourcesBuildPhase;
			buildActionMask = 2147483647;
			files = (
				8A151E2329A501BE0081B0F5 /* LibraryView.swift in Sources */,
				8A151E1B29A501120081B0F5 /* HomeView.swift in Sources */,
				8A151E1F29A501830081B0F5 /* UploadView.swift in Sources */,
				8A151E1D29A5015F0081B0F5 /* ShortsView.swift in Sources */,
				8A151E2129A5019F0081B0F5 /* SubscriptionsView.swift in Sources */,
				8A151E0829A4E8140081B0F5 /* MainView.swift in Sources */,
				8A151E0629A4E8140081B0F5 /* YoutubeApp.swift in Sources */,
			);
			runOnlyForDeploymentPostprocessing = 0;
		};
/* End PBXSourcesBuildPhase section */

/* Begin PBXVariantGroup section */
		8A151E1929A4F44D0081B0F5 /* Localizable.strings */ = {
			isa = PBXVariantGroup;
			children = (
				8A151E1829A4F44D0081B0F5 /* en */,
			);
			name = Localizable.strings;
			sourceTree = "<group>";
		};
/* End PBXVariantGroup section */

/* Begin XCBuildConfiguration section */
		8A151E0E29A4E8160081B0F5 /* Debug */ = {
			isa = XCBuildConfiguration;
			buildSettings = {
				ALWAYS_SEARCH_USER_PATHS = NO;
				CLANG_ANALYZER_NONNULL = YES;
				CLANG_ANALYZER_NUMBER_OBJECT_CONVERSION = YES_AGGRESSIVE;
				CLANG_CXX_LANGUAGE_STANDARD = "gnu++20";
				CLANG_ENABLE_MODULES = YES;
				CLANG_ENABLE_OBJC_ARC = YES;
				CLANG_ENABLE_OBJC_WEAK = YES;
				CLANG_WARN_BLOCK_CAPTURE_AUTORELEASING = YES;
				CLANG_WARN_BOOL_CONVERSION = YES;
				CLANG_WARN_COMMA = YES;
				CLANG_WARN_CONSTANT_CONVERSION = YES;
				CLANG_WARN_DEPRECATED_OBJC_IMPLEMENTATIONS = YES;
				CLANG_WARN_DIRECT_OBJC_ISA_USAGE = YES_ERROR;
				CLANG_WARN_DOCUMENTATION_COMMENTS = YES;
				CLANG_WARN_EMPTY_BODY = YES;
				CLANG_WARN_ENUM_CONVERSION = YES;
				CLANG_WARN_INFINITE_RECURSION = YES;
				CLANG_WARN_INT_CONVERSION = YES;
				CLANG_WARN_NON_LITERAL_NULL_CONVERSION = YES;
				CLANG_WARN_OBJC_IMPLICIT_RETAIN_SELF = YES;
				CLANG_WARN_OBJC_LITERAL_CONVERSION = YES;
				CLANG_WARN_OBJC_ROOT_CLASS = YES_ERROR;
				CLANG_WARN_QUOTED_INCLUDE_IN_FRAMEWORK_HEADER = YES;
				CLANG_WARN_RANGE_LOOP_ANALYSIS = YES;
				CLANG_WARN_STRICT_PROTOTYPES = YES;
				CLANG_WARN_SUSPICIOUS_MOVE = YES;
				CLANG_WARN_UNGUARDED_AVAILABILITY = YES_AGGRESSIVE;
				CLANG_WARN_UNREACHABLE_CODE = YES;
				CLANG_WARN__DUPLICATE_METHOD_MATCH = YES;
				COPY_PHASE_STRIP = NO;
				DEBUG_INFORMATION_FORMAT = dwarf;
				ENABLE_STRICT_OBJC_MSGSEND = YES;
				ENABLE_TESTABILITY = YES;
				GCC_C_LANGUAGE_STANDARD = gnu11;
				GCC_DYNAMIC_NO_PIC = NO;
				GCC_NO_COMMON_BLOCKS = YES;
				GCC_OPTIMIZATION_LEVEL = 0;
				GCC_PREPROCESSOR_DEFINITIONS = (
					"DEBUG=1",
					"$(inherited)",
				);
				GCC_WARN_64_TO_32_BIT_CONVERSION = YES;
				GCC_WARN_ABOUT_RETURN_TYPE = YES_ERROR;
				GCC_WARN_UNDECLARED_SELECTOR = YES;
				GCC_WARN_UNINITIALIZED_AUTOS = YES_AGGRESSIVE;
				GCC_WARN_UNUSED_FUNCTION = YES;
				GCC_WARN_UNUSED_VARIABLE = YES;
				IPHONEOS_DEPLOYMENT_TARGET = 16.0;
				MTL_ENABLE_DEBUG_INFO = INCLUDE_SOURCE;
				MTL_FAST_MATH = YES;
				ONLY_ACTIVE_ARCH = YES;
				SDKROOT = iphoneos;
				SWIFT_ACTIVE_COMPILATION_CONDITIONS = DEBUG;
				SWIFT_OPTIMIZATION_LEVEL = "-Onone";
			};
			name = Debug;
		};
		8A151E0F29A4E8170081B0F5 /* Release */ = {
			isa = XCBuildConfiguration;
			buildSettings = {
				ALWAYS_SEARCH_USER_PATHS = NO;
				CLANG_ANALYZER_NONNULL = YES;
				CLANG_ANALYZER_NUMBER_OBJECT_CONVERSION = YES_AGGRESSIVE;
				CLANG_CXX_LANGUAGE_STANDARD = "gnu++20";
				CLANG_ENABLE_MODULES = YES;
				CLANG_ENABLE_OBJC_ARC = YES;
				CLANG_ENABLE_OBJC_WEAK = YES;
				CLANG_WARN_BLOCK_CAPTURE_AUTORELEASING = YES;
				CLANG_WARN_BOOL_CONVERSION = YES;
				CLANG_WARN_COMMA = YES;
				CLANG_WARN_CONSTANT_CONVERSION = YES;
				CLANG_WARN_DEPRECATED_OBJC_IMPLEMENTATIONS = YES;
				CLANG_WARN_DIRECT_OBJC_ISA_USAGE = YES_ERROR;
				CLANG_WARN_DOCUMENTATION_COMMENTS = YES;
				CLANG_WARN_EMPTY_BODY = YES;
				CLANG_WARN_ENUM_CONVERSION = YES;
				CLANG_WARN_INFINITE_RECURSION = YES;
				CLANG_WARN_INT_CONVERSION = YES;
				CLANG_WARN_NON_LITERAL_NULL_CONVERSION = YES;
				CLANG_WARN_OBJC_IMPLICIT_RETAIN_SELF = YES;
				CLANG_WARN_OBJC_LITERAL_CONVERSION = YES;
				CLANG_WARN_OBJC_ROOT_CLASS = YES_ERROR;
				CLANG_WARN_QUOTED_INCLUDE_IN_FRAMEWORK_HEADER = YES;
				CLANG_WARN_RANGE_LOOP_ANALYSIS = YES;
				CLANG_WARN_STRICT_PROTOTYPES = YES;
				CLANG_WARN_SUSPICIOUS_MOVE = YES;
				CLANG_WARN_UNGUARDED_AVAILABILITY = YES_AGGRESSIVE;
				CLANG_WARN_UNREACHABLE_CODE = YES;
				CLANG_WARN__DUPLICATE_METHOD_MATCH = YES;
				COPY_PHASE_STRIP = NO;
				DEBUG_INFORMATION_FORMAT = "dwarf-with-dsym";
				ENABLE_NS_ASSERTIONS = NO;
				ENABLE_STRICT_OBJC_MSGSEND = YES;
				GCC_C_LANGUAGE_STANDARD = gnu11;
				GCC_NO_COMMON_BLOCKS = YES;
				GCC_WARN_64_TO_32_BIT_CONVERSION = YES;
				GCC_WARN_ABOUT_RETURN_TYPE = YES_ERROR;
				GCC_WARN_UNDECLARED_SELECTOR = YES;
				GCC_WARN_UNINITIALIZED_AUTOS = YES_AGGRESSIVE;
				GCC_WARN_UNUSED_FUNCTION = YES;
				GCC_WARN_UNUSED_VARIABLE = YES;
				IPHONEOS_DEPLOYMENT_TARGET = 16.0;
				MTL_ENABLE_DEBUG_INFO = NO;
				MTL_FAST_MATH = YES;
				SDKROOT = iphoneos;
				SWIFT_COMPILATION_MODE = wholemodule;
				SWIFT_OPTIMIZATION_LEVEL = "-O";
				VALIDATE_PRODUCT = YES;
			};
			name = Release;
		};
		8A151E1129A4E8170081B0F5 /* Debug */ = {
			isa = XCBuildConfiguration;
			buildSettings = {
				ASSETCATALOG_COMPILER_APPICON_NAME = AppIcon;
				ASSETCATALOG_COMPILER_GLOBAL_ACCENT_COLOR_NAME = AccentColor;
				CODE_SIGN_STYLE = Automatic;
				CURRENT_PROJECT_VERSION = 1;
				DEVELOPMENT_ASSET_PATHS = "\"Youtube/Preview Content\"";
				DEVELOPMENT_TEAM = 6TW9S5N48Q;
				ENABLE_PREVIEWS = YES;
				GENERATE_INFOPLIST_FILE = YES;
				INFOPLIST_KEY_UIApplicationSceneManifest_Generation = YES;
				INFOPLIST_KEY_UIApplicationSupportsIndirectInputEvents = YES;
				INFOPLIST_KEY_UILaunchScreen_Generation = YES;
				INFOPLIST_KEY_UISupportedInterfaceOrientations_iPad = "UIInterfaceOrientationPortrait UIInterfaceOrientationPortraitUpsideDown UIInterfaceOrientationLandscapeLeft UIInterfaceOrientationLandscapeRight";
				INFOPLIST_KEY_UISupportedInterfaceOrientations_iPhone = "UIInterfaceOrientationPortrait UIInterfaceOrientationLandscapeLeft UIInterfaceOrientationLandscapeRight";
				LD_RUNPATH_SEARCH_PATHS = (
					"$(inherited)",
					"@executable_path/Frameworks",
				);
				MARKETING_VERSION = 1.0;
				PRODUCT_BUNDLE_IDENTIFIER = com.amohiy.swiftui.youtube.Youtube;
				PRODUCT_NAME = "$(TARGET_NAME)";
				SWIFT_EMIT_LOC_STRINGS = YES;
				SWIFT_VERSION = 5.0;
				TARGETED_DEVICE_FAMILY = "1,2";
			};
			name = Debug;
		};
		8A151E1229A4E8170081B0F5 /* Release */ = {
			isa = XCBuildConfiguration;
			buildSettings = {
				ASSETCATALOG_COMPILER_APPICON_NAME = AppIcon;
				ASSETCATALOG_COMPILER_GLOBAL_ACCENT_COLOR_NAME = AccentColor;
				CODE_SIGN_STYLE = Automatic;
				CURRENT_PROJECT_VERSION = 1;
				DEVELOPMENT_ASSET_PATHS = "\"Youtube/Preview Content\"";
				DEVELOPMENT_TEAM = 6TW9S5N48Q;
				ENABLE_PREVIEWS = YES;
				GENERATE_INFOPLIST_FILE = YES;
				INFOPLIST_KEY_UIApplicationSceneManifest_Generation = YES;
				INFOPLIST_KEY_UIApplicationSupportsIndirectInputEvents = YES;
				INFOPLIST_KEY_UILaunchScreen_Generation = YES;
				INFOPLIST_KEY_UISupportedInterfaceOrientations_iPad = "UIInterfaceOrientationPortrait UIInterfaceOrientationPortraitUpsideDown UIInterfaceOrientationLandscapeLeft UIInterfaceOrientationLandscapeRight";
				INFOPLIST_KEY_UISupportedInterfaceOrientations_iPhone = "UIInterfaceOrientationPortrait UIInterfaceOrientationLandscapeLeft UIInterfaceOrientationLandscapeRight";
				LD_RUNPATH_SEARCH_PATHS = (
					"$(inherited)",
					"@executable_path/Frameworks",
				);
				MARKETING_VERSION = 1.0;
				PRODUCT_BUNDLE_IDENTIFIER = com.amohiy.swiftui.youtube.Youtube;
				PRODUCT_NAME = "$(TARGET_NAME)";
				SWIFT_EMIT_LOC_STRINGS = YES;
				SWIFT_VERSION = 5.0;
				TARGETED_DEVICE_FAMILY = "1,2";
			};
			name = Release;
		};
/* End XCBuildConfiguration section */

/* Begin XCConfigurationList section */
		8A151DFD29A4E8140081B0F5 /* Build configuration list for PBXProject "Youtube" */ = {
			isa = XCConfigurationList;
			buildConfigurations = (
				8A151E0E29A4E8160081B0F5 /* Debug */,
				8A151E0F29A4E8170081B0F5 /* Release */,
			);
			defaultConfigurationIsVisible = 0;
			defaultConfigurationName = Release;
		};
		8A151E1029A4E8170081B0F5 /* Build configuration list for PBXNativeTarget "Youtube" */ = {
			isa = XCConfigurationList;
			buildConfigurations = (
				8A151E1129A4E8170081B0F5 /* Debug */,
				8A151E1229A4E8170081B0F5 /* Release */,
			);
			defaultConfigurationIsVisible = 0;
			defaultConfigurationName = Release;
		};
/* End XCConfigurationList section */
	};
	rootObject = 8A151DFA29A4E8140081B0F5 /* Project object */;
}
